# This file is automatically @generated by Cargo.
# It is not intended for manual editing.
version = 4

[[package]]
name = "final-project-starter"
version = "0.1.0"

[[package]]
name = "lesson-01-agent-model"
version = "0.1.0"

[[package]]
name = "lesson-02-runtime"
version = "0.1.0"

[[package]]
name = "lesson-03-tools"
version = "0.1.0"

[[package]]
name = "lesson-04-evidence"
version = "0.1.0"

[[package]]
name = "lesson-05-planning"
version = "0.1.0"

[[package]]
name = "lesson-06-evaluation"
version = "0.1.0"

[[package]]
name = "lesson-07-memory"
version = "0.1.0"
